
Microsoft Visual Studio Solution File, Format Version 12.00
# Visual Studio Version 17
VisualStudioVersion = 17.9.34902.65
MinimumVisualStudioVersion = 10.0.40219.1
Project("{9A19103F-16F7-4668-BE54-9A1E7A4F7556}") = "SalesAppointments.Api", "SalesAppointments.Api.csproj", "{62FC5EFF-8329-4193-BC4F-E41E72C0BDC6}"
EndProject
Project("{9A19103F-16F7-4668-BE54-9A1E7A4F7556}") = "SalesAppointments.Data", "..\CalendarAPI.Data\SalesAppointments.Data.csproj", "{497A5297-F478-4E36-8B3F-E6EED6EAF71C}"
EndProject
Project("{9A19103F-16F7-4668-BE54-9A1E7A4F7556}") = "SalesAppointments.UnitTests", "..\CalendarApi.UnitTests\SalesAppointments.UnitTests.csproj", "{9AF7BBFE-635F-406E-A7A3-548F94186EA4}"
EndProject
Global
	GlobalSection(SolutionConfigurationPlatforms) = preSolution
		Debug|Any CPU = Debug|Any CPU
		Release|Any CPU = Release|Any CPU
	EndGlobalSection
	GlobalSection(ProjectConfigurationPlatforms) = postSolution
		{62FC5EFF-8329-4193-BC4F-E41E72C0BDC6}.Debug|Any CPU.ActiveCfg = Debug|Any CPU
		{62FC5EFF-8329-4193-BC4F-E41E72C0BDC6}.Debug|Any CPU.Build.0 = Debug|Any CPU
		{62FC5EFF-8329-4193-BC4F-E41E72C0BDC6}.Release|Any CPU.ActiveCfg = Release|Any CPU
		{62FC5EFF-8329-4193-BC4F-E41E72C0BDC6}.Release|Any CPU.Build.0 = Release|Any CPU
		{497A5297-F478-4E36-8B3F-E6EED6EAF71C}.Debug|Any CPU.ActiveCfg = Debug|Any CPU
		{497A5297-F478-4E36-8B3F-E6EED6EAF71C}.Debug|Any CPU.Build.0 = Debug|Any CPU
		{497A5297-F478-4E36-8B3F-E6EED6EAF71C}.Release|Any CPU.ActiveCfg = Release|Any CPU
		{497A5297-F478-4E36-8B3F-E6EED6EAF71C}.Release|Any CPU.Build.0 = Release|Any CPU
		{9AF7BBFE-635F-406E-A7A3-548F94186EA4}.Debug|Any CPU.ActiveCfg = Debug|Any CPU
		{9AF7BBFE-635F-406E-A7A3-548F94186EA4}.Debug|Any CPU.Build.0 = Debug|Any CPU
		{9AF7BBFE-635F-406E-A7A3-548F94186EA4}.Release|Any CPU.ActiveCfg = Release|Any CPU
		{9AF7BBFE-635F-406E-A7A3-548F94186EA4}.Release|Any CPU.Build.0 = Release|Any CPU
	EndGlobalSection
	GlobalSection(SolutionProperties) = preSolution
		HideSolutionNode = FALSE
	EndGlobalSection
	GlobalSection(ExtensibilityGlobals) = postSolution
		SolutionGuid = {366CA342-FED1-41D0-9747-D16979F79A6A}
	EndGlobalSection
EndGlobal
